
Microsoft Visual Studio Solution File, Format Version 12.00
# Visual Studio 15
VisualStudioVersion = 15.0.28307.136
MinimumVisualStudioVersion = 10.0.40219.1
Project("{FAE04EC0-301F-11D3-BF4B-00C04F79EFBC}") = "LayeredDemo.Entitiy", "LayeredDemo.Entitiy\LayeredDemo.Entitiy.csproj", "{80EBF3DD-DCDF-45DA-81DE-3B25D9914012}"
EndProject
Project("{FAE04EC0-301F-11D3-BF4B-00C04F79EFBC}") = "LayeredDemo.Exceptions", "LayeredDemo.Exceptions\LayeredDemo.Exceptions.csproj", "{ADC5AB7E-6DF2-4576-848E-DC74AA8B2878}"
EndProject
Project("{FAE04EC0-301F-11D3-BF4B-00C04F79EFBC}") = "LayeredDemo.DataAccessLayer", "LayeredDemo.DataAccessLayer\LayeredDemo.DataAccessLayer.csproj", "{E921CA27-DD9E-426E-A951-68A6F0C5076C}"
EndProject
Project("{FAE04EC0-301F-11D3-BF4B-00C04F79EFBC}") = "LayeredDemo.BusinessLayer", "LayeredDemo.BusinessLayer\LayeredDemo.BusinessLayer.csproj", "{6B2C5B55-C62E-4136-92EB-ACAFB7BF6964}"
EndProject
Project("{FAE04EC0-301F-11D3-BF4B-00C04F79EFBC}") = "LayeredDemo.Presentation", "LayeredDemo.Presentation\LayeredDemo.Presentation.csproj", "{50874C9B-5E74-4847-BD2B-7155ABD192D0}"
EndProject
Global
	GlobalSection(SolutionConfigurationPlatforms) = preSolution
		Debug|Any CPU = Debug|Any CPU
		Release|Any CPU = Release|Any CPU
	EndGlobalSection
	GlobalSection(ProjectConfigurationPlatforms) = postSolution
		{80EBF3DD-DCDF-45DA-81DE-3B25D9914012}.Debug|Any CPU.ActiveCfg = Debug|Any CPU
		{80EBF3DD-DCDF-45DA-81DE-3B25D9914012}.Debug|Any CPU.Build.0 = Debug|Any CPU
		{80EBF3DD-DCDF-45DA-81DE-3B25D9914012}.Release|Any CPU.ActiveCfg = Release|Any CPU
		{80EBF3DD-DCDF-45DA-81DE-3B25D9914012}.Release|Any CPU.Build.0 = Release|Any CPU
		{ADC5AB7E-6DF2-4576-848E-DC74AA8B2878}.Debug|Any CPU.ActiveCfg = Debug|Any CPU
		{ADC5AB7E-6DF2-4576-848E-DC74AA8B2878}.Debug|Any CPU.Build.0 = Debug|Any CPU
		{ADC5AB7E-6DF2-4576-848E-DC74AA8B2878}.Release|Any CPU.ActiveCfg = Release|Any CPU
		{ADC5AB7E-6DF2-4576-848E-DC74AA8B2878}.Release|Any CPU.Build.0 = Release|Any CPU
		{E921CA27-DD9E-426E-A951-68A6F0C5076C}.Debug|Any CPU.ActiveCfg = Debug|Any CPU
		{E921CA27-DD9E-426E-A951-68A6F0C5076C}.Debug|Any CPU.Build.0 = Debug|Any CPU
		{E921CA27-DD9E-426E-A951-68A6F0C5076C}.Release|Any CPU.ActiveCfg = Release|Any CPU
		{E921CA27-DD9E-426E-A951-68A6F0C5076C}.Release|Any CPU.Build.0 = Release|Any CPU
		{6B2C5B55-C62E-4136-92EB-ACAFB7BF6964}.Debug|Any CPU.ActiveCfg = Debug|Any CPU
		{6B2C5B55-C62E-4136-92EB-ACAFB7BF6964}.Debug|Any CPU.Build.0 = Debug|Any CPU
		{6B2C5B55-C62E-4136-92EB-ACAFB7BF6964}.Release|Any CPU.ActiveCfg = Release|Any CPU
		{6B2C5B55-C62E-4136-92EB-ACAFB7BF6964}.Release|Any CPU.Build.0 = Release|Any CPU
		{50874C9B-5E74-4847-BD2B-7155ABD192D0}.Debug|Any CPU.ActiveCfg = Debug|Any CPU
		{50874C9B-5E74-4847-BD2B-7155ABD192D0}.Debug|Any CPU.Build.0 = Debug|Any CPU
		{50874C9B-5E74-4847-BD2B-7155ABD192D0}.Release|Any CPU.ActiveCfg = Release|Any CPU
		{50874C9B-5E74-4847-BD2B-7155ABD192D0}.Release|Any CPU.Build.0 = Release|Any CPU
	EndGlobalSection
	GlobalSection(SolutionProperties) = preSolution
		HideSolutionNode = FALSE
	EndGlobalSection
	GlobalSection(ExtensibilityGlobals) = postSolution
		SolutionGuid = {D2DF1C72-CBA3-4E9B-9D07-AA8368B06BB1}
	EndGlobalSection
EndGlobal
